// !$*UTF8*$!
{
	archiveVersion = 1;
	classes = {
	};
	objectVersion = 46;
	objects = {

/* Begin PBXBuildFile section */
		05376A8C173AAC6E007B1293 /* appico@2x.png in Resources */ = {isa = PBXBuildFile; fileRef = 05376A88173AAC6E007B1293 /* appico@2x.png */; };
		05376A8D173AAC6E007B1293 /* Default-Landscape@2x~ipad.png in Resources */ = {isa = PBXBuildFile; fileRef = 05376A89173AAC6E007B1293 /* Default-Landscape@2x~ipad.png */; };
		05376A8E173AAC6E007B1293 /* Default-Landscape~ipad.png in Resources */ = {isa = PBXBuildFile; fileRef = 05376A8A173AAC6E007B1293 /* Default-Landscape~ipad.png */; };
		05376A92173ABA62007B1293 /* appico.png in Resources */ = {isa = PBXBuildFile; fileRef = 05376A91173ABA62007B1293 /* appico.png */; };
		7684F6451552DBEA0044FE42 /* QuartzCore.framework in Frameworks */ = {isa = PBXBuildFile; fileRef = 7684F6441552DBEA0044FE42 /* QuartzCore.framework */; };
		769A578B16E5ECD800796374 /* OpenUDID.m in Sources */ = {isa = PBXBuildFile; fileRef = 769A578A16E5ECD800796374 /* OpenUDID.m */; };
		76C6702A15527541009697F9 /* UIKit.framework in Frameworks */ = {isa = PBXBuildFile; fileRef = 76C6702915527541009697F9 /* UIKit.framework */; };
		76C6702C15527541009697F9 /* Foundation.framework in Frameworks */ = {isa = PBXBuildFile; fileRef = 76C6702B15527541009697F9 /* Foundation.framework */; };
		76C6702E15527541009697F9 /* CoreGraphics.framework in Frameworks */ = {isa = PBXBuildFile; fileRef = 76C6702D15527541009697F9 /* CoreGraphics.framework */; };
		76C6703415527541009697F9 /* InfoPlist.strings in Resources */ = {isa = PBXBuildFile; fileRef = 76C6703215527541009697F9 /* InfoPlist.strings */; };
		76C6704015527541009697F9 /* ViewController.xib in Resources */ = {isa = PBXBuildFile; fileRef = 76C6703E15527541009697F9 /* ViewController.xib */; };
		84A2EAA4155529A800A666D7 /* syncModalUI.xib in Resources */ = {isa = PBXBuildFile; fileRef = 84A2EAA2155529A800A666D7 /* syncModalUI.xib */; };
		84A2EAA615552AB700A666D7 /* AppDelegate.m in Sources */ = {isa = PBXBuildFile; fileRef = 76C6703915527541009697F9 /* AppDelegate.m */; };
		84A2EAA815552AB700A666D7 /* Splash.m in Sources */ = {isa = PBXBuildFile; fileRef = 84A2EA901555264700A666D7 /* Splash.m */; };
		84A2EAAA15552AB700A666D7 /* Disclaimer.m in Sources */ = {isa = PBXBuildFile; fileRef = D78529EC15542F8B00800827 /* Disclaimer.m */; };
		84A2EAAC15552AB700A666D7 /* ViewController.m in Sources */ = {isa = PBXBuildFile; fileRef = 76C6703C15527541009697F9 /* ViewController.m */; };
		84A2EAAE15552AB700A666D7 /* APNSManager.m in Sources */ = {isa = PBXBuildFile; fileRef = D78529A51554284F00800827 /* APNSManager.m */; };
		84A2EAB015552AB700A666D7 /* AppMenu.m in Sources */ = {isa = PBXBuildFile; fileRef = D78529A71554284F00800827 /* AppMenu.m */; };
		84A2EAB215552AB700A666D7 /* ASIAuthenticationDialog.m in Sources */ = {isa = PBXBuildFile; fileRef = D78529AA1554284F00800827 /* ASIAuthenticationDialog.m */; };
		84A2EAB515552AB700A666D7 /* ASIDataCompressor.m in Sources */ = {isa = PBXBuildFile; fileRef = D78529AD1554284F00800827 /* ASIDataCompressor.m */; };
		84A2EAB715552AB700A666D7 /* ASIDataDecompressor.m in Sources */ = {isa = PBXBuildFile; fileRef = D78529AF1554284F00800827 /* ASIDataDecompressor.m */; };
		84A2EAB915552AB700A666D7 /* ASIDownloadCache.m in Sources */ = {isa = PBXBuildFile; fileRef = D78529B11554284F00800827 /* ASIDownloadCache.m */; };
		84A2EABB15552AB700A666D7 /* ASIFormDataRequest.m in Sources */ = {isa = PBXBuildFile; fileRef = D78529B31554284F00800827 /* ASIFormDataRequest.m */; };
		84A2EABD15552AB700A666D7 /* ASIHTTPRequest.m in Sources */ = {isa = PBXBuildFile; fileRef = D78529B51554284F00800827 /* ASIHTTPRequest.m */; };
		84A2EAC115552AB700A666D7 /* ASIInputStream.m in Sources */ = {isa = PBXBuildFile; fileRef = D78529B91554284F00800827 /* ASIInputStream.m */; };
		84A2EAC315552AB700A666D7 /* ASINetworkQueue.m in Sources */ = {isa = PBXBuildFile; fileRef = D78529BB1554284F00800827 /* ASINetworkQueue.m */; };
		84A2EAC615552AB700A666D7 /* syncModalUI.m in Sources */ = {isa = PBXBuildFile; fileRef = 84A2EAA1155529A800A666D7 /* syncModalUI.m */; };
		84A2EAC715552AB700A666D7 /* syncModalUI.xib in Sources */ = {isa = PBXBuildFile; fileRef = 84A2EAA2155529A800A666D7 /* syncModalUI.xib */; };
		84A2EAC915552AB700A666D7 /* Reachability.m in Sources */ = {isa = PBXBuildFile; fileRef = D78529BF1554284F00800827 /* Reachability.m */; };
		84A2EACC15552AB700A666D7 /* ClientObject.m in Sources */ = {isa = PBXBuildFile; fileRef = D78529951554274D00800827 /* ClientObject.m */; };
		84A2EACE15552AB700A666D7 /* EventObject.m in Sources */ = {isa = PBXBuildFile; fileRef = D78529971554274D00800827 /* EventObject.m */; };
		84A2EAD015552AB700A666D7 /* GenericTableItem.m in Sources */ = {isa = PBXBuildFile; fileRef = D78529991554274D00800827 /* GenericTableItem.m */; };
		84A2EAD215552AB700A666D7 /* TrackManager.m in Sources */ = {isa = PBXBuildFile; fileRef = D785299B1554274D00800827 /* TrackManager.m */; };
		84A2EAD415552AB700A666D7 /* Utils.m in Sources */ = {isa = PBXBuildFile; fileRef = D785299D1554274D00800827 /* Utils.m */; };
		84A2EAD615552AB700A666D7 /* CGDrawHelpers.m in Sources */ = {isa = PBXBuildFile; fileRef = 7684F6251552B2CA0044FE42 /* CGDrawHelpers.m */; };
		84A2EAD815552AB700A666D7 /* pageScrubber.m in Sources */ = {isa = PBXBuildFile; fileRef = 7684F6271552B2CA0044FE42 /* pageScrubber.m */; };
		84A2EADA15552AB700A666D7 /* pagingPDFViewController.mm in Sources */ = {isa = PBXBuildFile; fileRef = 7684F6291552B2CA0044FE42 /* pagingPDFViewController.mm */; };
		84A2EADC15552AB700A666D7 /* pdfPageZoomView.m in Sources */ = {isa = PBXBuildFile; fileRef = 7684F62B1552B2CA0044FE42 /* pdfPageZoomView.m */; };
		84A2EADE15552AB700A666D7 /* TappableScrollView.m in Sources */ = {isa = PBXBuildFile; fileRef = 7684F62D1552B2CA0044FE42 /* TappableScrollView.m */; };
		84A2EAE015552AB700A666D7 /* thumbBox.m in Sources */ = {isa = PBXBuildFile; fileRef = 7684F62F1552B2CA0044FE42 /* thumbBox.m */; };
		84A2EAE215552AB700A666D7 /* thumbPopover.m in Sources */ = {isa = PBXBuildFile; fileRef = 7684F6311552B2CA0044FE42 /* thumbPopover.m */; };
		84A2EAE415552AB700A666D7 /* TilingView.m in Sources */ = {isa = PBXBuildFile; fileRef = 7684F6331552B2CA0044FE42 /* TilingView.m */; };
		84A2EAE615552AB700A666D7 /* TOCpopup.m in Sources */ = {isa = PBXBuildFile; fileRef = 7684F6351552B2CA0044FE42 /* TOCpopup.m */; };
		84A2EAE815552AD200A666D7 /* main.m in Sources */ = {isa = PBXBuildFile; fileRef = 76C6703515527541009697F9 /* main.m */; };
		84B6FF0E155561DB007D6363 /* MainController.m in Sources */ = {isa = PBXBuildFile; fileRef = 84B6FF0D155560E3007D6363 /* MainController.m */; };
		B54FB2CB1833D56F00535261 /* rcpPdf.png in Resources */ = {isa = PBXBuildFile; fileRef = B54FB2CA1833D56F00535261 /* rcpPdf.png */; };
		B5A243A418436D5D0021965A /* rcpPdfK.png in Resources */ = {isa = PBXBuildFile; fileRef = B5A243A318436D5D0021965A /* rcpPdfK.png */; };
		D1046E1416EFBCA700C6BA11 /* SAP_Parser.m in Sources */ = {isa = PBXBuildFile; fileRef = D1046E1316EFBCA700C6BA11 /* SAP_Parser.m */; };
		D1046E1716EFBD1000C6BA11 /* SAS_Parser.m in Sources */ = {isa = PBXBuildFile; fileRef = D1046E1616EFBD1000C6BA11 /* SAS_Parser.m */; };
		D1046E1B16EFDE7600C6BA11 /* Menu.m in Sources */ = {isa = PBXBuildFile; fileRef = D1046E1A16EFDE7600C6BA11 /* Menu.m */; };
		D1046E1E16EFDFD900C6BA11 /* Thumb.m in Sources */ = {isa = PBXBuildFile; fileRef = D1046E1D16EFDFD900C6BA11 /* Thumb.m */; };
		D1046E2016EFF28900C6BA11 /* arrow.png in Resources */ = {isa = PBXBuildFile; fileRef = D1046E1F16EFF28900C6BA11 /* arrow.png */; };
		D1046E2316EFF47200C6BA11 /* VerticalMenu.m in Sources */ = {isa = PBXBuildFile; fileRef = D1046E2216EFF47200C6BA11 /* VerticalMenu.m */; };
		D738DFDE16F09391002E0C23 /* ESPParseRequest.m in Sources */ = {isa = PBXBuildFile; fileRef = D738DFDD16F09391002E0C23 /* ESPParseRequest.m */; };
		D785299E1554274D00800827 /* AppTrack.db3 in Resources */ = {isa = PBXBuildFile; fileRef = D78529931554274D00800827 /* AppTrack.db3 */; };
		D78529C615542B3400800827 /* libsqlite3.0.dylib in Frameworks */ = {isa = PBXBuildFile; fileRef = D78529C515542B3400800827 /* libsqlite3.0.dylib */; };
		D78529CC15542C6800800827 /* CFNetwork.framework in Frameworks */ = {isa = PBXBuildFile; fileRef = D78529CB15542C6800800827 /* CFNetwork.framework */; };
		D78529CE15542C7800800827 /* SystemConfiguration.framework in Frameworks */ = {isa = PBXBuildFile; fileRef = D78529CD15542C7800800827 /* SystemConfiguration.framework */; };
		D78529D015542C8300800827 /* MediaPlayer.framework in Frameworks */ = {isa = PBXBuildFile; fileRef = D78529CF15542C8300800827 /* MediaPlayer.framework */; };
		D78529D215542C9100800827 /* MobileCoreServices.framework in Frameworks */ = {isa = PBXBuildFile; fileRef = D78529D115542C9100800827 /* MobileCoreServices.framework */; };
		D78529D415542CA000800827 /* libz.1.1.3.dylib in Frameworks */ = {isa = PBXBuildFile; fileRef = D78529D315542CA000800827 /* libz.1.1.3.dylib */; };
		D7A6649A16EF85D60017AF7C /* Package in Resources */ = {isa = PBXBuildFile; fileRef = D7A6649916EF85D60017AF7C /* Package */; };
/* End PBXBuildFile section */

/* Begin PBXFileReference section */
		05376A88173AAC6E007B1293 /* appico@2x.png */ = {isa = PBXFileReference; lastKnownFileType = image.png; path = "appico@2x.png"; sourceTree = "<group>"; };
		05376A89173AAC6E007B1293 /* Default-Landscape@2x~ipad.png */ = {isa = PBXFileReference; lastKnownFileType = image.png; path = "Default-Landscape@2x~ipad.png"; sourceTree = "<group>"; };
		05376A8A173AAC6E007B1293 /* Default-Landscape~ipad.png */ = {isa = PBXFileReference; lastKnownFileType = image.png; path = "Default-Landscape~ipad.png"; sourceTree = "<group>"; };
		05376A91173ABA62007B1293 /* appico.png */ = {isa = PBXFileReference; lastKnownFileType = image.png; path = appico.png; sourceTree = "<group>"; };
		7684F6241552B2CA0044FE42 /* CGDrawHelpers.h */ = {isa = PBXFileReference; fileEncoding = 4; lastKnownFileType = sourcecode.c.h; path = CGDrawHelpers.h; sourceTree = "<group>"; };
		7684F6251552B2CA0044FE42 /* CGDrawHelpers.m */ = {isa = PBXFileReference; fileEncoding = 4; lastKnownFileType = sourcecode.c.objc; path = CGDrawHelpers.m; sourceTree = "<group>"; };
		7684F6261552B2CA0044FE42 /* pageScrubber.h */ = {isa = PBXFileReference; fileEncoding = 4; lastKnownFileType = sourcecode.c.h; path = pageScrubber.h; sourceTree = "<group>"; };
		7684F6271552B2CA0044FE42 /* pageScrubber.m */ = {isa = PBXFileReference; fileEncoding = 4; lastKnownFileType = sourcecode.c.objc; path = pageScrubber.m; sourceTree = "<group>"; };
		7684F6281552B2CA0044FE42 /* pagingPDFViewController.h */ = {isa = PBXFileReference; fileEncoding = 4; lastKnownFileType = sourcecode.c.h; path = pagingPDFViewController.h; sourceTree = "<group>"; };
		7684F6291552B2CA0044FE42 /* pagingPDFViewController.mm */ = {isa = PBXFileReference; fileEncoding = 4; lastKnownFileType = sourcecode.cpp.objcpp; path = pagingPDFViewController.mm; sourceTree = "<group>"; };
		7684F62A1552B2CA0044FE42 /* pdfPageZoomView.h */ = {isa = PBXFileReference; fileEncoding = 4; lastKnownFileType = sourcecode.c.h; path = pdfPageZoomView.h; sourceTree = "<group>"; };
		7684F62B1552B2CA0044FE42 /* pdfPageZoomView.m */ = {isa = PBXFileReference; fileEncoding = 4; lastKnownFileType = sourcecode.c.objc; path = pdfPageZoomView.m; sourceTree = "<group>"; };
		7684F62C1552B2CA0044FE42 /* TappableScrollView.h */ = {isa = PBXFileReference; fileEncoding = 4; lastKnownFileType = sourcecode.c.h; path = TappableScrollView.h; sourceTree = "<group>"; };
		7684F62D1552B2CA0044FE42 /* TappableScrollView.m */ = {isa = PBXFileReference; fileEncoding = 4; lastKnownFileType = sourcecode.c.objc; path = TappableScrollView.m; sourceTree = "<group>"; };
		7684F62E1552B2CA0044FE42 /* thumbBox.h */ = {isa = PBXFileReference; fileEncoding = 4; lastKnownFileType = sourcecode.c.h; path = thumbBox.h; sourceTree = "<group>"; };
		7684F62F1552B2CA0044FE42 /* thumbBox.m */ = {isa = PBXFileReference; fileEncoding = 4; lastKnownFileType = sourcecode.c.objc; path = thumbBox.m; sourceTree = "<group>"; };
		7684F6301552B2CA0044FE42 /* thumbPopover.h */ = {isa = PBXFileReference; fileEncoding = 4; lastKnownFileType = sourcecode.c.h; path = thumbPopover.h; sourceTree = "<group>"; };
		7684F6311552B2CA0044FE42 /* thumbPopover.m */ = {isa = PBXFileReference; fileEncoding = 4; lastKnownFileType = sourcecode.c.objc; path = thumbPopover.m; sourceTree = "<group>"; };
		7684F6321552B2CA0044FE42 /* TilingView.h */ = {isa = PBXFileReference; fileEncoding = 4; lastKnownFileType = sourcecode.c.h; path = TilingView.h; sourceTree = "<group>"; };
		7684F6331552B2CA0044FE42 /* TilingView.m */ = {isa = PBXFileReference; fileEncoding = 4; lastKnownFileType = sourcecode.c.objc; path = TilingView.m; sourceTree = "<group>"; };
		7684F6341552B2CA0044FE42 /* TOCpopup.h */ = {isa = PBXFileReference; fileEncoding = 4; lastKnownFileType = sourcecode.c.h; path = TOCpopup.h; sourceTree = "<group>"; };
		7684F6351552B2CA0044FE42 /* TOCpopup.m */ = {isa = PBXFileReference; fileEncoding = 4; lastKnownFileType = sourcecode.c.objc; path = TOCpopup.m; sourceTree = "<group>"; };
		7684F6441552DBEA0044FE42 /* QuartzCore.framework */ = {isa = PBXFileReference; lastKnownFileType = wrapper.framework; name = QuartzCore.framework; path = System/Library/Frameworks/QuartzCore.framework; sourceTree = SDKROOT; };
		769A578916E5ECD800796374 /* OpenUDID.h */ = {isa = PBXFileReference; fileEncoding = 4; lastKnownFileType = sourcecode.c.h; path = OpenUDID.h; sourceTree = "<group>"; };
		769A578A16E5ECD800796374 /* OpenUDID.m */ = {isa = PBXFileReference; fileEncoding = 4; lastKnownFileType = sourcecode.c.objc; path = OpenUDID.m; sourceTree = "<group>"; };
		76C6702515527541009697F9 /* Exploria2.5_wrapper.app */ = {isa = PBXFileReference; explicitFileType = wrapper.application; includeInIndex = 0; path = Exploria2.5_wrapper.app; sourceTree = BUILT_PRODUCTS_DIR; };
		76C6702915527541009697F9 /* UIKit.framework */ = {isa = PBXFileReference; lastKnownFileType = wrapper.framework; name = UIKit.framework; path = System/Library/Frameworks/UIKit.framework; sourceTree = SDKROOT; };
		76C6702B15527541009697F9 /* Foundation.framework */ = {isa = PBXFileReference; lastKnownFileType = wrapper.framework; name = Foundation.framework; path = System/Library/Frameworks/Foundation.framework; sourceTree = SDKROOT; };
		76C6702D15527541009697F9 /* CoreGraphics.framework */ = {isa = PBXFileReference; lastKnownFileType = wrapper.framework; name = CoreGraphics.framework; path = System/Library/Frameworks/CoreGraphics.framework; sourceTree = SDKROOT; };
		76C6703115527541009697F9 /* Exploria2.5_wrapper-Info.plist */ = {isa = PBXFileReference; lastKnownFileType = text.plist.xml; path = "Exploria2.5_wrapper-Info.plist"; sourceTree = "<group>"; };
		76C6703315527541009697F9 /* en */ = {isa = PBXFileReference; lastKnownFileType = text.plist.strings; name = en; path = en.lproj/InfoPlist.strings; sourceTree = "<group>"; };
		76C6703515527541009697F9 /* main.m */ = {isa = PBXFileReference; lastKnownFileType = sourcecode.c.objc; path = main.m; sourceTree = "<group>"; };
		76C6703715527541009697F9 /* Exploria2.5_wrapper-Prefix.pch */ = {isa = PBXFileReference; lastKnownFileType = sourcecode.c.h; path = "Exploria2.5_wrapper-Prefix.pch"; sourceTree = "<group>"; };
		76C6703815527541009697F9 /* AppDelegate.h */ = {isa = PBXFileReference; lastKnownFileType = sourcecode.c.h; path = AppDelegate.h; sourceTree = "<group>"; };
		76C6703915527541009697F9 /* AppDelegate.m */ = {isa = PBXFileReference; lastKnownFileType = sourcecode.c.objc; path = AppDelegate.m; sourceTree = "<group>"; };
		76C6703B15527541009697F9 /* ViewController.h */ = {isa = PBXFileReference; lastKnownFileType = sourcecode.c.h; path = ViewController.h; sourceTree = "<group>"; };
		76C6703C15527541009697F9 /* ViewController.m */ = {isa = PBXFileReference; lastKnownFileType = sourcecode.c.objc; path = ViewController.m; sourceTree = "<group>"; };
		76C6703F15527541009697F9 /* en */ = {isa = PBXFileReference; lastKnownFileType = file.xib; name = en; path = en.lproj/ViewController.xib; sourceTree = "<group>"; };
		84A2EA8F1555264700A666D7 /* Splash.h */ = {isa = PBXFileReference; fileEncoding = 4; lastKnownFileType = sourcecode.c.h; path = Splash.h; sourceTree = "<group>"; };
		84A2EA901555264700A666D7 /* Splash.m */ = {isa = PBXFileReference; fileEncoding = 4; lastKnownFileType = sourcecode.c.objc; path = Splash.m; sourceTree = "<group>"; };
		84A2EAA0155529A800A666D7 /* syncModalUI.h */ = {isa = PBXFileReference; fileEncoding = 4; lastKnownFileType = sourcecode.c.h; path = syncModalUI.h; sourceTree = "<group>"; };
		84A2EAA1155529A800A666D7 /* syncModalUI.m */ = {isa = PBXFileReference; fileEncoding = 4; lastKnownFileType = sourcecode.c.objc; path = syncModalUI.m; sourceTree = "<group>"; };
		84A2EAA2155529A800A666D7 /* syncModalUI.xib */ = {isa = PBXFileReference; fileEncoding = 4; lastKnownFileType = file.xib; path = syncModalUI.xib; sourceTree = "<group>"; };
		84B6FF0C155560E3007D6363 /* MainController.h */ = {isa = PBXFileReference; lastKnownFileType = sourcecode.c.h; path = MainController.h; sourceTree = "<group>"; };
		84B6FF0D155560E3007D6363 /* MainController.m */ = {isa = PBXFileReference; lastKnownFileType = sourcecode.c.objc; path = MainController.m; sourceTree = "<group>"; };
		B54FB2CA1833D56F00535261 /* rcpPdf.png */ = {isa = PBXFileReference; lastKnownFileType = image.png; path = rcpPdf.png; sourceTree = "<group>"; };
		B5A243A318436D5D0021965A /* rcpPdfK.png */ = {isa = PBXFileReference; lastKnownFileType = image.png; path = rcpPdfK.png; sourceTree = "<group>"; };
		D1046E1316EFBCA700C6BA11 /* SAP_Parser.m */ = {isa = PBXFileReference; fileEncoding = 4; lastKnownFileType = sourcecode.c.objc; path = SAP_Parser.m; sourceTree = "<group>"; };
		D1046E1516EFBD1000C6BA11 /* SAS_Parser.h */ = {isa = PBXFileReference; fileEncoding = 4; lastKnownFileType = sourcecode.c.h; path = SAS_Parser.h; sourceTree = "<group>"; };
		D1046E1616EFBD1000C6BA11 /* SAS_Parser.m */ = {isa = PBXFileReference; fileEncoding = 4; lastKnownFileType = sourcecode.c.objc; path = SAS_Parser.m; sourceTree = "<group>"; };
		D1046E1916EFDE7600C6BA11 /* Menu.h */ = {isa = PBXFileReference; fileEncoding = 4; lastKnownFileType = sourcecode.c.h; path = Menu.h; sourceTree = "<group>"; };
		D1046E1A16EFDE7600C6BA11 /* Menu.m */ = {isa = PBXFileReference; fileEncoding = 4; lastKnownFileType = sourcecode.c.objc; path = Menu.m; sourceTree = "<group>"; };
		D1046E1C16EFDFD900C6BA11 /* Thumb.h */ = {isa = PBXFileReference; fileEncoding = 4; lastKnownFileType = sourcecode.c.h; path = Thumb.h; sourceTree = "<group>"; };
		D1046E1D16EFDFD900C6BA11 /* Thumb.m */ = {isa = PBXFileReference; fileEncoding = 4; lastKnownFileType = sourcecode.c.objc; path = Thumb.m; sourceTree = "<group>"; };
		D1046E1F16EFF28900C6BA11 /* arrow.png */ = {isa = PBXFileReference; lastKnownFileType = image.png; path = arrow.png; sourceTree = "<group>"; };
		D1046E2116EFF47200C6BA11 /* VerticalMenu.h */ = {isa = PBXFileReference; fileEncoding = 4; lastKnownFileType = sourcecode.c.h; path = VerticalMenu.h; sourceTree = "<group>"; };
		D1046E2216EFF47200C6BA11 /* VerticalMenu.m */ = {isa = PBXFileReference; fileEncoding = 4; lastKnownFileType = sourcecode.c.objc; path = VerticalMenu.m; sourceTree = "<group>"; };
		D738DFDC16F09391002E0C23 /* ESPParseRequest.h */ = {isa = PBXFileReference; fileEncoding = 4; lastKnownFileType = sourcecode.c.h; path = ESPParseRequest.h; sourceTree = "<group>"; };
		D738DFDD16F09391002E0C23 /* ESPParseRequest.m */ = {isa = PBXFileReference; fileEncoding = 4; lastKnownFileType = sourcecode.c.objc; path = ESPParseRequest.m; sourceTree = "<group>"; };
		D78529931554274D00800827 /* AppTrack.db3 */ = {isa = PBXFileReference; lastKnownFileType = file; path = AppTrack.db3; sourceTree = "<group>"; };
		D78529941554274D00800827 /* ClientObject.h */ = {isa = PBXFileReference; fileEncoding = 4; lastKnownFileType = sourcecode.c.h; path = ClientObject.h; sourceTree = "<group>"; };
		D78529951554274D00800827 /* ClientObject.m */ = {isa = PBXFileReference; fileEncoding = 4; lastKnownFileType = sourcecode.c.objc; path = ClientObject.m; sourceTree = "<group>"; };
		D78529961554274D00800827 /* EventObject.h */ = {isa = PBXFileReference; fileEncoding = 4; lastKnownFileType = sourcecode.c.h; path = EventObject.h; sourceTree = "<group>"; };
		D78529971554274D00800827 /* EventObject.m */ = {isa = PBXFileReference; fileEncoding = 4; lastKnownFileType = sourcecode.c.objc; path = EventObject.m; sourceTree = "<group>"; };
		D78529981554274D00800827 /* GenericTableItem.h */ = {isa = PBXFileReference; fileEncoding = 4; lastKnownFileType = sourcecode.c.h; path = GenericTableItem.h; sourceTree = "<group>"; };
		D78529991554274D00800827 /* GenericTableItem.m */ = {isa = PBXFileReference; fileEncoding = 4; lastKnownFileType = sourcecode.c.objc; path = GenericTableItem.m; sourceTree = "<group>"; };
		D785299A1554274D00800827 /* TrackManager.h */ = {isa = PBXFileReference; fileEncoding = 4; lastKnownFileType = sourcecode.c.h; path = TrackManager.h; sourceTree = "<group>"; };
		D785299B1554274D00800827 /* TrackManager.m */ = {isa = PBXFileReference; fileEncoding = 4; lastKnownFileType = sourcecode.c.objc; path = TrackManager.m; sourceTree = "<group>"; };
		D785299C1554274D00800827 /* Utils.h */ = {isa = PBXFileReference; fileEncoding = 4; lastKnownFileType = sourcecode.c.h; path = Utils.h; sourceTree = "<group>"; };
		D785299D1554274D00800827 /* Utils.m */ = {isa = PBXFileReference; fileEncoding = 4; lastKnownFileType = sourcecode.c.objc; path = Utils.m; sourceTree = "<group>"; };
		D78529A41554284F00800827 /* APNSManager.h */ = {isa = PBXFileReference; lastKnownFileType = sourcecode.c.h; path = APNSManager.h; sourceTree = "<group>"; };
		D78529A51554284F00800827 /* APNSManager.m */ = {isa = PBXFileReference; lastKnownFileType = sourcecode.c.objc; path = APNSManager.m; sourceTree = "<group>"; };
		D78529A61554284F00800827 /* AppMenu.h */ = {isa = PBXFileReference; lastKnownFileType = sourcecode.c.h; path = AppMenu.h; sourceTree = "<group>"; };
		D78529A71554284F00800827 /* AppMenu.m */ = {isa = PBXFileReference; lastKnownFileType = sourcecode.c.objc; path = AppMenu.m; sourceTree = "<group>"; };
		D78529A91554284F00800827 /* ASIAuthenticationDialog.h */ = {isa = PBXFileReference; lastKnownFileType = sourcecode.c.h; path = ASIAuthenticationDialog.h; sourceTree = "<group>"; };
		D78529AA1554284F00800827 /* ASIAuthenticationDialog.m */ = {isa = PBXFileReference; lastKnownFileType = sourcecode.c.objc; path = ASIAuthenticationDialog.m; sourceTree = "<group>"; };
		D78529AB1554284F00800827 /* ASICacheDelegate.h */ = {isa = PBXFileReference; lastKnownFileType = sourcecode.c.h; path = ASICacheDelegate.h; sourceTree = "<group>"; };
		D78529AC1554284F00800827 /* ASIDataCompressor.h */ = {isa = PBXFileReference; lastKnownFileType = sourcecode.c.h; path = ASIDataCompressor.h; sourceTree = "<group>"; };
		D78529AD1554284F00800827 /* ASIDataCompressor.m */ = {isa = PBXFileReference; lastKnownFileType = sourcecode.c.objc; path = ASIDataCompressor.m; sourceTree = "<group>"; };
		D78529AE1554284F00800827 /* ASIDataDecompressor.h */ = {isa = PBXFileReference; lastKnownFileType = sourcecode.c.h; path = ASIDataDecompressor.h; sourceTree = "<group>"; };
		D78529AF1554284F00800827 /* ASIDataDecompressor.m */ = {isa = PBXFileReference; lastKnownFileType = sourcecode.c.objc; path = ASIDataDecompressor.m; sourceTree = "<group>"; };
		D78529B01554284F00800827 /* ASIDownloadCache.h */ = {isa = PBXFileReference; lastKnownFileType = sourcecode.c.h; path = ASIDownloadCache.h; sourceTree = "<group>"; };
		D78529B11554284F00800827 /* ASIDownloadCache.m */ = {isa = PBXFileReference; lastKnownFileType = sourcecode.c.objc; path = ASIDownloadCache.m; sourceTree = "<group>"; };
		D78529B21554284F00800827 /* ASIFormDataRequest.h */ = {isa = PBXFileReference; lastKnownFileType = sourcecode.c.h; path = ASIFormDataRequest.h; sourceTree = "<group>"; };
		D78529B31554284F00800827 /* ASIFormDataRequest.m */ = {isa = PBXFileReference; lastKnownFileType = sourcecode.c.objc; path = ASIFormDataRequest.m; sourceTree = "<group>"; };
		D78529B41554284F00800827 /* ASIHTTPRequest.h */ = {isa = PBXFileReference; lastKnownFileType = sourcecode.c.h; path = ASIHTTPRequest.h; sourceTree = "<group>"; };
		D78529B51554284F00800827 /* ASIHTTPRequest.m */ = {isa = PBXFileReference; lastKnownFileType = sourcecode.c.objc; path = ASIHTTPRequest.m; sourceTree = "<group>"; };
		D78529B61554284F00800827 /* ASIHTTPRequestConfig.h */ = {isa = PBXFileReference; lastKnownFileType = sourcecode.c.h; path = ASIHTTPRequestConfig.h; sourceTree = "<group>"; };
		D78529B71554284F00800827 /* ASIHTTPRequestDelegate.h */ = {isa = PBXFileReference; lastKnownFileType = sourcecode.c.h; path = ASIHTTPRequestDelegate.h; sourceTree = "<group>"; };
		D78529B81554284F00800827 /* ASIInputStream.h */ = {isa = PBXFileReference; lastKnownFileType = sourcecode.c.h; path = ASIInputStream.h; sourceTree = "<group>"; };
		D78529B91554284F00800827 /* ASIInputStream.m */ = {isa = PBXFileReference; lastKnownFileType = sourcecode.c.objc; path = ASIInputStream.m; sourceTree = "<group>"; };
		D78529BA1554284F00800827 /* ASINetworkQueue.h */ = {isa = PBXFileReference; lastKnownFileType = sourcecode.c.h; path = ASINetworkQueue.h; sourceTree = "<group>"; };
		D78529BB1554284F00800827 /* ASINetworkQueue.m */ = {isa = PBXFileReference; lastKnownFileType = sourcecode.c.objc; path = ASINetworkQueue.m; sourceTree = "<group>"; };
		D78529BC1554284F00800827 /* ASIProgressDelegate.h */ = {isa = PBXFileReference; lastKnownFileType = sourcecode.c.h; path = ASIProgressDelegate.h; sourceTree = "<group>"; };
		D78529BE1554284F00800827 /* Reachability.h */ = {isa = PBXFileReference; lastKnownFileType = sourcecode.c.h; path = Reachability.h; sourceTree = "<group>"; };
		D78529BF1554284F00800827 /* Reachability.m */ = {isa = PBXFileReference; lastKnownFileType = sourcecode.c.objc; path = Reachability.m; sourceTree = "<group>"; };
		D78529C515542B3400800827 /* libsqlite3.0.dylib */ = {isa = PBXFileReference; lastKnownFileType = "compiled.mach-o.dylib"; name = libsqlite3.0.dylib; path = usr/lib/libsqlite3.0.dylib; sourceTree = SDKROOT; };
		D78529CB15542C6800800827 /* CFNetwork.framework */ = {isa = PBXFileReference; lastKnownFileType = wrapper.framework; name = CFNetwork.framework; path = System/Library/Frameworks/CFNetwork.framework; sourceTree = SDKROOT; };
		D78529CD15542C7800800827 /* SystemConfiguration.framework */ = {isa = PBXFileReference; lastKnownFileType = wrapper.framework; name = SystemConfiguration.framework; path = System/Library/Frameworks/SystemConfiguration.framework; sourceTree = SDKROOT; };
		D78529CF15542C8300800827 /* MediaPlayer.framework */ = {isa = PBXFileReference; lastKnownFileType = wrapper.framework; name = MediaPlayer.framework; path = System/Library/Frameworks/MediaPlayer.framework; sourceTree = SDKROOT; };
		D78529D115542C9100800827 /* MobileCoreServices.framework */ = {isa = PBXFileReference; lastKnownFileType = wrapper.framework; name = MobileCoreServices.framework; path = System/Library/Frameworks/MobileCoreServices.framework; sourceTree = SDKROOT; };
		D78529D315542CA000800827 /* libz.1.1.3.dylib */ = {isa = PBXFileReference; lastKnownFileType = "compiled.mach-o.dylib"; name = libz.1.1.3.dylib; path = usr/lib/libz.1.1.3.dylib; sourceTree = SDKROOT; };
		D78529EB15542F8B00800827 /* Disclaimer.h */ = {isa = PBXFileReference; fileEncoding = 4; lastKnownFileType = sourcecode.c.h; path = Disclaimer.h; sourceTree = "<group>"; };
		D78529EC15542F8B00800827 /* Disclaimer.m */ = {isa = PBXFileReference; fileEncoding = 4; lastKnownFileType = sourcecode.c.objc; path = Disclaimer.m; sourceTree = "<group>"; };
		D7A6649916EF85D60017AF7C /* Package */ = {isa = PBXFileReference; lastKnownFileType = folder; name = Package; path = exploria_wrapper/Package; sourceTree = "<group>"; };
		D7A6649C16EF8A340017AF7C /* SAP_Parser.h */ = {isa = PBXFileReference; fileEncoding = 4; lastKnownFileType = sourcecode.c.h; path = SAP_Parser.h; sourceTree = "<group>"; };
/* End PBXFileReference section */

/* Begin PBXFrameworksBuildPhase section */
		76C6702215527541009697F9 /* Frameworks */ = {
			isa = PBXFrameworksBuildPhase;
			buildActionMask = 2147483647;
			files = (
				D78529D415542CA000800827 /* libz.1.1.3.dylib in Frameworks */,
				D78529D215542C9100800827 /* MobileCoreServices.framework in Frameworks */,
				D78529D015542C8300800827 /* MediaPlayer.framework in Frameworks */,
				D78529CE15542C7800800827 /* SystemConfiguration.framework in Frameworks */,
				D78529CC15542C6800800827 /* CFNetwork.framework in Frameworks */,
				D78529C615542B3400800827 /* libsqlite3.0.dylib in Frameworks */,
				7684F6451552DBEA0044FE42 /* QuartzCore.framework in Frameworks */,
				76C6702A15527541009697F9 /* UIKit.framework in Frameworks */,
				76C6702C15527541009697F9 /* Foundation.framework in Frameworks */,
				76C6702E15527541009697F9 /* CoreGraphics.framework in Frameworks */,
			);
			runOnlyForDeploymentPostprocessing = 0;
		};
/* End PBXFrameworksBuildPhase section */

/* Begin PBXGroup section */
		7684F6231552B2CA0044FE42 /* PDFViewer */ = {
			isa = PBXGroup;
			children = (
				7684F6241552B2CA0044FE42 /* CGDrawHelpers.h */,
				7684F6251552B2CA0044FE42 /* CGDrawHelpers.m */,
				7684F6261552B2CA0044FE42 /* pageScrubber.h */,
				7684F6271552B2CA0044FE42 /* pageScrubber.m */,
				7684F6281552B2CA0044FE42 /* pagingPDFViewController.h */,
				7684F6291552B2CA0044FE42 /* pagingPDFViewController.mm */,
				7684F62A1552B2CA0044FE42 /* pdfPageZoomView.h */,
				7684F62B1552B2CA0044FE42 /* pdfPageZoomView.m */,
				7684F62C1552B2CA0044FE42 /* TappableScrollView.h */,
				7684F62D1552B2CA0044FE42 /* TappableScrollView.m */,
				7684F62E1552B2CA0044FE42 /* thumbBox.h */,
				7684F62F1552B2CA0044FE42 /* thumbBox.m */,
				7684F6301552B2CA0044FE42 /* thumbPopover.h */,
				7684F6311552B2CA0044FE42 /* thumbPopover.m */,
				7684F6321552B2CA0044FE42 /* TilingView.h */,
				7684F6331552B2CA0044FE42 /* TilingView.m */,
				7684F6341552B2CA0044FE42 /* TOCpopup.h */,
				7684F6351552B2CA0044FE42 /* TOCpopup.m */,
			);
			path = PDFViewer;
			sourceTree = "<group>";
		};
		76C6701A15527541009697F9 = {
			isa = PBXGroup;
			children = (
				05376A88173AAC6E007B1293 /* appico@2x.png */,
				05376A91173ABA62007B1293 /* appico.png */,
				05376A89173AAC6E007B1293 /* Default-Landscape@2x~ipad.png */,
				05376A8A173AAC6E007B1293 /* Default-Landscape~ipad.png */,
				D7A6649916EF85D60017AF7C /* Package */,
				76C6702F15527541009697F9 /* exploria_wrapper */,
				76C6702815527541009697F9 /* Frameworks */,
				76C6702615527541009697F9 /* Products */,
			);
			sourceTree = "<group>";
		};
		76C6702615527541009697F9 /* Products */ = {
			isa = PBXGroup;
			children = (
				76C6702515527541009697F9 /* Exploria2.5_wrapper.app */,
			);
			name = Products;
			sourceTree = "<group>";
		};
		76C6702815527541009697F9 /* Frameworks */ = {
			isa = PBXGroup;
			children = (
				D78529D315542CA000800827 /* libz.1.1.3.dylib */,
				D78529D115542C9100800827 /* MobileCoreServices.framework */,
				D78529CF15542C8300800827 /* MediaPlayer.framework */,
				D78529CD15542C7800800827 /* SystemConfiguration.framework */,
				D78529CB15542C6800800827 /* CFNetwork.framework */,
				D78529C515542B3400800827 /* libsqlite3.0.dylib */,
				7684F6441552DBEA0044FE42 /* QuartzCore.framework */,
				76C6702915527541009697F9 /* UIKit.framework */,
				76C6702B15527541009697F9 /* Foundation.framework */,
				76C6702D15527541009697F9 /* CoreGraphics.framework */,
			);
			name = Frameworks;
			sourceTree = "<group>";
		};
		76C6702F15527541009697F9 /* exploria_wrapper */ = {
			isa = PBXGroup;
			children = (
				D738DFDB16F0935C002E0C23 /* ESPRequestHandler */,
				D1046E1816EFDE2C00C6BA11 /* ExploriaMenu */,
				D7A6649B16EF8A180017AF7C /* XMLParsing */,
				84A2EA96155527D600A666D7 /* assets */,
				76C6703815527541009697F9 /* AppDelegate.h */,
				76C6703915527541009697F9 /* AppDelegate.m */,
				84B6FF0C155560E3007D6363 /* MainController.h */,
				84B6FF0D155560E3007D6363 /* MainController.m */,
				84A2EA8F1555264700A666D7 /* Splash.h */,
				84A2EA901555264700A666D7 /* Splash.m */,
				D78529EB15542F8B00800827 /* Disclaimer.h */,
				D78529EC15542F8B00800827 /* Disclaimer.m */,
				76C6703B15527541009697F9 /* ViewController.h */,
				76C6703C15527541009697F9 /* ViewController.m */,
				D78529A41554284F00800827 /* APNSManager.h */,
				D78529A51554284F00800827 /* APNSManager.m */,
				D78529A61554284F00800827 /* AppMenu.h */,
				D78529A71554284F00800827 /* AppMenu.m */,
				D78529A81554284F00800827 /* asi */,
				84A2EA9F155529A800A666D7 /* SyncUI */,
				D78529BD1554284F00800827 /* Reachability */,
				76C6703E15527541009697F9 /* ViewController.xib */,
				D78529921554274D00800827 /* TrackLib */,
				7684F6231552B2CA0044FE42 /* PDFViewer */,
				76C6703015527541009697F9 /* Supporting Files */,
			);
			path = exploria_wrapper;
			sourceTree = "<group>";
		};
		76C6703015527541009697F9 /* Supporting Files */ = {
			isa = PBXGroup;
			children = (
				76C6703115527541009697F9 /* Exploria2.5_wrapper-Info.plist */,
				76C6703215527541009697F9 /* InfoPlist.strings */,
				76C6703515527541009697F9 /* main.m */,
				76C6703715527541009697F9 /* Exploria2.5_wrapper-Prefix.pch */,
			);
			name = "Supporting Files";
			sourceTree = "<group>";
		};
		84A2EA96155527D600A666D7 /* assets */ = {
			isa = PBXGroup;
			children = (
				B5A243A318436D5D0021965A /* rcpPdfK.png */,
				B54FB2CA1833D56F00535261 /* rcpPdf.png */,
				D1046E1F16EFF28900C6BA11 /* arrow.png */,
			);
			path = assets;
			sourceTree = "<group>";
		};
		84A2EA9F155529A800A666D7 /* SyncUI */ = {
			isa = PBXGroup;
			children = (
				84A2EAA0155529A800A666D7 /* syncModalUI.h */,
				84A2EAA1155529A800A666D7 /* syncModalUI.m */,
				84A2EAA2155529A800A666D7 /* syncModalUI.xib */,
			);
			name = SyncUI;
			path = exploria_wrapper/SyncUI;
			sourceTree = SOURCE_ROOT;
		};
		D1046E1816EFDE2C00C6BA11 /* ExploriaMenu */ = {
			isa = PBXGroup;
			children = (
				D1046E1916EFDE7600C6BA11 /* Menu.h */,
				D1046E1A16EFDE7600C6BA11 /* Menu.m */,
				D1046E1C16EFDFD900C6BA11 /* Thumb.h */,
				D1046E1D16EFDFD900C6BA11 /* Thumb.m */,
				D1046E2116EFF47200C6BA11 /* VerticalMenu.h */,
				D1046E2216EFF47200C6BA11 /* VerticalMenu.m */,
			);
			path = ExploriaMenu;
			sourceTree = "<group>";
		};
		D738DFDB16F0935C002E0C23 /* ESPRequestHandler */ = {
			isa = PBXGroup;
			children = (
				D738DFDC16F09391002E0C23 /* ESPParseRequest.h */,
				D738DFDD16F09391002E0C23 /* ESPParseRequest.m */,
			);
			path = ESPRequestHandler;
			sourceTree = "<group>";
		};
		D78529921554274D00800827 /* TrackLib */ = {
			isa = PBXGroup;
			children = (
				769A578916E5ECD800796374 /* OpenUDID.h */,
				769A578A16E5ECD800796374 /* OpenUDID.m */,
				D78529931554274D00800827 /* AppTrack.db3 */,
				D78529941554274D00800827 /* ClientObject.h */,
				D78529951554274D00800827 /* ClientObject.m */,
				D78529961554274D00800827 /* EventObject.h */,
				D78529971554274D00800827 /* EventObject.m */,
				D78529981554274D00800827 /* GenericTableItem.h */,
				D78529991554274D00800827 /* GenericTableItem.m */,
				D785299A1554274D00800827 /* TrackManager.h */,
				D785299B1554274D00800827 /* TrackManager.m */,
				D785299C1554274D00800827 /* Utils.h */,
				D785299D1554274D00800827 /* Utils.m */,
			);
			path = TrackLib;
			sourceTree = "<group>";
		};
		D78529A81554284F00800827 /* asi */ = {
			isa = PBXGroup;
			children = (
				D78529A91554284F00800827 /* ASIAuthenticationDialog.h */,
				D78529AA1554284F00800827 /* ASIAuthenticationDialog.m */,
				D78529AB1554284F00800827 /* ASICacheDelegate.h */,
				D78529AC1554284F00800827 /* ASIDataCompressor.h */,
				D78529AD1554284F00800827 /* ASIDataCompressor.m */,
				D78529AE1554284F00800827 /* ASIDataDecompressor.h */,
				D78529AF1554284F00800827 /* ASIDataDecompressor.m */,
				D78529B01554284F00800827 /* ASIDownloadCache.h */,
				D78529B11554284F00800827 /* ASIDownloadCache.m */,
				D78529B21554284F00800827 /* ASIFormDataRequest.h */,
				D78529B31554284F00800827 /* ASIFormDataRequest.m */,
				D78529B41554284F00800827 /* ASIHTTPRequest.h */,
				D78529B51554284F00800827 /* ASIHTTPRequest.m */,
				D78529B61554284F00800827 /* ASIHTTPRequestConfig.h */,
				D78529B71554284F00800827 /* ASIHTTPRequestDelegate.h */,
				D78529B81554284F00800827 /* ASIInputStream.h */,
				D78529B91554284F00800827 /* ASIInputStream.m */,
				D78529BA1554284F00800827 /* ASINetworkQueue.h */,
				D78529BB1554284F00800827 /* ASINetworkQueue.m */,
				D78529BC1554284F00800827 /* ASIProgressDelegate.h */,
			);
			path = asi;
			sourceTree = "<group>";
		};
		D78529BD1554284F00800827 /* Reachability */ = {
			isa = PBXGroup;
			children = (
				D78529BE1554284F00800827 /* Reachability.h */,
				D78529BF1554284F00800827 /* Reachability.m */,
			);
			path = Reachability;
			sourceTree = "<group>";
		};
		D7A6649B16EF8A180017AF7C /* XMLParsing */ = {
			isa = PBXGroup;
			children = (
				D7A6649C16EF8A340017AF7C /* SAP_Parser.h */,
				D1046E1316EFBCA700C6BA11 /* SAP_Parser.m */,
				D1046E1516EFBD1000C6BA11 /* SAS_Parser.h */,
				D1046E1616EFBD1000C6BA11 /* SAS_Parser.m */,
			);
			path = XMLParsing;
			sourceTree = "<group>";
		};
/* End PBXGroup section */

/* Begin PBXNativeTarget section */
		76C6702415527541009697F9 /* Exploria2.5_wrapper */ = {
			isa = PBXNativeTarget;
			buildConfigurationList = 76C6704315527541009697F9 /* Build configuration list for PBXNativeTarget "Exploria2.5_wrapper" */;
			buildPhases = (
				76C6702115527541009697F9 /* Sources */,
				76C6702215527541009697F9 /* Frameworks */,
				76C6702315527541009697F9 /* Resources */,
			);
			buildRules = (
			);
			dependencies = (
			);
			name = Exploria2.5_wrapper;
			productName = exploria_wrapper;
			productReference = 76C6702515527541009697F9 /* Exploria2.5_wrapper.app */;
			productType = "com.apple.product-type.application";
		};
/* End PBXNativeTarget section */

/* Begin PBXProject section */
		76C6701C15527541009697F9 /* Project object */ = {
			isa = PBXProject;
			attributes = {
				LastUpgradeCheck = 0420;
			};
			buildConfigurationList = 76C6701F15527541009697F9 /* Build configuration list for PBXProject "Exploria2.5_wrapper" */;
			compatibilityVersion = "Xcode 3.2";
			developmentRegion = English;
			hasScannedForEncodings = 0;
			knownRegions = (
				en,
			);
			mainGroup = 76C6701A15527541009697F9;
			productRefGroup = 76C6702615527541009697F9 /* Products */;
			projectDirPath = "";
			projectRoot = "";
			targets = (
				76C6702415527541009697F9 /* Exploria2.5_wrapper */,
			);
		};
/* End PBXProject section */

/* Begin PBXResourcesBuildPhase section */
		76C6702315527541009697F9 /* Resources */ = {
			isa = PBXResourcesBuildPhase;
			buildActionMask = 2147483647;
			files = (
				B5A243A418436D5D0021965A /* rcpPdfK.png in Resources */,
				76C6703415527541009697F9 /* InfoPlist.strings in Resources */,
				76C6704015527541009697F9 /* ViewController.xib in Resources */,
				D785299E1554274D00800827 /* AppTrack.db3 in Resources */,
				B54FB2CB1833D56F00535261 /* rcpPdf.png in Resources */,
				84A2EAA4155529A800A666D7 /* syncModalUI.xib in Resources */,
				D7A6649A16EF85D60017AF7C /* Package in Resources */,
				D1046E2016EFF28900C6BA11 /* arrow.png in Resources */,
				05376A8C173AAC6E007B1293 /* appico@2x.png in Resources */,
				05376A8D173AAC6E007B1293 /* Default-Landscape@2x~ipad.png in Resources */,
				05376A8E173AAC6E007B1293 /* Default-Landscape~ipad.png in Resources */,
				05376A92173ABA62007B1293 /* appico.png in Resources */,
			);
			runOnlyForDeploymentPostprocessing = 0;
		};
/* End PBXResourcesBuildPhase section */

/* Begin PBXSourcesBuildPhase section */
		76C6702115527541009697F9 /* Sources */ = {
			isa = PBXSourcesBuildPhase;
			buildActionMask = 2147483647;
			files = (
				84B6FF0E155561DB007D6363 /* MainController.m in Sources */,
				84A2EAE815552AD200A666D7 /* main.m in Sources */,
				84A2EAA615552AB700A666D7 /* AppDelegate.m in Sources */,
				84A2EAA815552AB700A666D7 /* Splash.m in Sources */,
				84A2EAAA15552AB700A666D7 /* Disclaimer.m in Sources */,
				84A2EAAC15552AB700A666D7 /* ViewController.m in Sources */,
				84A2EAAE15552AB700A666D7 /* APNSManager.m in Sources */,
				84A2EAB015552AB700A666D7 /* AppMenu.m in Sources */,
				84A2EAB215552AB700A666D7 /* ASIAuthenticationDialog.m in Sources */,
				84A2EAB515552AB700A666D7 /* ASIDataCompressor.m in Sources */,
				84A2EAB715552AB700A666D7 /* ASIDataDecompressor.m in Sources */,
				84A2EAB915552AB700A666D7 /* ASIDownloadCache.m in Sources */,
				84A2EABB15552AB700A666D7 /* ASIFormDataRequest.m in Sources */,
				84A2EABD15552AB700A666D7 /* ASIHTTPRequest.m in Sources */,
				84A2EAC115552AB700A666D7 /* ASIInputStream.m in Sources */,
				84A2EAC315552AB700A666D7 /* ASINetworkQueue.m in Sources */,
				84A2EAC615552AB700A666D7 /* syncModalUI.m in Sources */,
				84A2EAC715552AB700A666D7 /* syncModalUI.xib in Sources */,
				84A2EAC915552AB700A666D7 /* Reachability.m in Sources */,
				84A2EACC15552AB700A666D7 /* ClientObject.m in Sources */,
				84A2EACE15552AB700A666D7 /* EventObject.m in Sources */,
				84A2EAD015552AB700A666D7 /* GenericTableItem.m in Sources */,
				84A2EAD215552AB700A666D7 /* TrackManager.m in Sources */,
				84A2EAD415552AB700A666D7 /* Utils.m in Sources */,
				84A2EAD615552AB700A666D7 /* CGDrawHelpers.m in Sources */,
				84A2EAD815552AB700A666D7 /* pageScrubber.m in Sources */,
				84A2EADA15552AB700A666D7 /* pagingPDFViewController.mm in Sources */,
				84A2EADC15552AB700A666D7 /* pdfPageZoomView.m in Sources */,
				84A2EADE15552AB700A666D7 /* TappableScrollView.m in Sources */,
				84A2EAE015552AB700A666D7 /* thumbBox.m in Sources */,
				84A2EAE215552AB700A666D7 /* thumbPopover.m in Sources */,
				84A2EAE415552AB700A666D7 /* TilingView.m in Sources */,
				84A2EAE615552AB700A666D7 /* TOCpopup.m in Sources */,
				769A578B16E5ECD800796374 /* OpenUDID.m in Sources */,
				D1046E1416EFBCA700C6BA11 /* SAP_Parser.m in Sources */,
				D1046E1716EFBD1000C6BA11 /* SAS_Parser.m in Sources */,
				D1046E1B16EFDE7600C6BA11 /* Menu.m in Sources */,
				D1046E1E16EFDFD900C6BA11 /* Thumb.m in Sources */,
				D1046E2316EFF47200C6BA11 /* VerticalMenu.m in Sources */,
				D738DFDE16F09391002E0C23 /* ESPParseRequest.m in Sources */,
			);
			runOnlyForDeploymentPostprocessing = 0;
		};
/* End PBXSourcesBuildPhase section */

/* Begin PBXVariantGroup section */
		76C6703215527541009697F9 /* InfoPlist.strings */ = {
			isa = PBXVariantGroup;
			children = (
				76C6703315527541009697F9 /* en */,
			);
			name = InfoPlist.strings;
			sourceTree = "<group>";
		};
		76C6703E15527541009697F9 /* ViewController.xib */ = {
			isa = PBXVariantGroup;
			children = (
				76C6703F15527541009697F9 /* en */,
			);
			name = ViewController.xib;
			sourceTree = "<group>";
		};
/* End PBXVariantGroup section */

/* Begin XCBuildConfiguration section */
		76C6704115527541009697F9 /* Debug */ = {
			isa = XCBuildConfiguration;
			buildSettings = {
				ALWAYS_SEARCH_USER_PATHS = NO;
				ARCHS = "$(ARCHS_STANDARD_32_BIT)";
				CODE_SIGN_IDENTITY = "iPhone Developer";
				"CODE_SIGN_IDENTITY[sdk=iphoneos*]" = "iPhone Developer";
				COPY_PHASE_STRIP = NO;
				GCC_C_LANGUAGE_STANDARD = gnu99;
				GCC_DYNAMIC_NO_PIC = NO;
				GCC_OPTIMIZATION_LEVEL = 0;
				GCC_PREPROCESSOR_DEFINITIONS = (
					"DEBUG=1",
					"$(inherited)",
				);
				GCC_SYMBOLS_PRIVATE_EXTERN = NO;
				GCC_VERSION = com.apple.compilers.llvm.clang.1_0;
				GCC_WARN_ABOUT_MISSING_PROTOTYPES = YES;
				GCC_WARN_ABOUT_RETURN_TYPE = YES;
				GCC_WARN_UNUSED_VARIABLE = YES;
				IPHONEOS_DEPLOYMENT_TARGET = 5.0;
				PROVISIONING_PROFILE = "";
				"PROVISIONING_PROFILE[sdk=iphoneos*]" = "";
				SDKROOT = iphoneos;
				TARGETED_DEVICE_FAMILY = 2;
			};
			name = Debug;
		};
		76C6704215527541009697F9 /* Release */ = {
			isa = XCBuildConfiguration;
			buildSettings = {
				ALWAYS_SEARCH_USER_PATHS = NO;
				ARCHS = "$(ARCHS_STANDARD_32_BIT)";
				CODE_SIGN_IDENTITY = "iPhone Distribution: Publicis Groupe S.A.";
				"CODE_SIGN_IDENTITY[sdk=iphoneos*]" = "iPhone Distribution: Publicis Groupe S.A.";
				COPY_PHASE_STRIP = YES;
				GCC_C_LANGUAGE_STANDARD = gnu99;
				GCC_VERSION = com.apple.compilers.llvm.clang.1_0;
				GCC_WARN_ABOUT_MISSING_PROTOTYPES = YES;
				GCC_WARN_ABOUT_RETURN_TYPE = YES;
				GCC_WARN_UNUSED_VARIABLE = YES;
				IPHONEOS_DEPLOYMENT_TARGET = 5.0;
				OTHER_CFLAGS = "-DNS_BLOCK_ASSERTIONS=1";
				PROVISIONING_PROFILE = "880AAE82-FE03-4713-B8FD-F11E06C1C9DA";
				"PROVISIONING_PROFILE[sdk=iphoneos*]" = "880AAE82-FE03-4713-B8FD-F11E06C1C9DA";
				SDKROOT = iphoneos;
				TARGETED_DEVICE_FAMILY = 2;
				VALIDATE_PRODUCT = YES;
			};
			name = Release;
		};
		76C6704415527541009697F9 /* Debug */ = {
			isa = XCBuildConfiguration;
			buildSettings = {
				CODE_SIGN_IDENTITY = "iPhone Distribution: AstraZeneca Spa.";
				"CODE_SIGN_IDENTITY[sdk=iphoneos*]" = "iPhone Distribution: AstraZeneca Spa.";
				GCC_PRECOMPILE_PREFIX_HEADER = YES;
				GCC_PREFIX_HEADER = "exploria_wrapper/Exploria2.5_wrapper-Prefix.pch";
				INFOPLIST_FILE = "exploria_wrapper/Exploria2.5_wrapper-Info.plist";
				IPHONEOS_DEPLOYMENT_TARGET = 4.3;
				PRODUCT_NAME = Exploria2.5_wrapper;
				PROVISIONING_PROFILE = "BC73E3D4-121D-4923-8726-C947C7409617";
				"PROVISIONING_PROFILE[sdk=iphoneos*]" = "BC73E3D4-121D-4923-8726-C947C7409617";
				TARGETED_DEVICE_FAMILY = 2;
				WRAPPER_EXTENSION = app;
			};
			name = Debug;
		};
		76C6704515527541009697F9 /* Release */ = {
			isa = XCBuildConfiguration;
			buildSettings = {
				CODE_SIGN_IDENTITY = "iPhone Distribution: AstraZeneca Spa.";
				"CODE_SIGN_IDENTITY[sdk=iphoneos*]" = "iPhone Distribution: AstraZeneca Spa.";
				GCC_PRECOMPILE_PREFIX_HEADER = YES;
				GCC_PREFIX_HEADER = "exploria_wrapper/Exploria2.5_wrapper-Prefix.pch";
				INFOPLIST_FILE = "exploria_wrapper/Exploria2.5_wrapper-Info.plist";
				IPHONEOS_DEPLOYMENT_TARGET = 4.3;
				PRODUCT_NAME = Exploria2.5_wrapper;
				PROVISIONING_PROFILE = "BC73E3D4-121D-4923-8726-C947C7409617";
				"PROVISIONING_PROFILE[sdk=iphoneos*]" = "BC73E3D4-121D-4923-8726-C947C7409617";
				TARGETED_DEVICE_FAMILY = 2;
				WRAPPER_EXTENSION = app;
			};
			name = Release;
		};
/* End XCBuildConfiguration section */

/* Begin XCConfigurationList section */
		76C6701F15527541009697F9 /* Build configuration list for PBXProject "Exploria2.5_wrapper" */ = {
			isa = XCConfigurationList;
			buildConfigurations = (
				76C6704115527541009697F9 /* Debug */,
				76C6704215527541009697F9 /* Release */,
			);
			defaultConfigurationIsVisible = 0;
			defaultConfigurationName = Release;
		};
		76C6704315527541009697F9 /* Build configuration list for PBXNativeTarget "Exploria2.5_wrapper" */ = {
			isa = XCConfigurationList;
			buildConfigurations = (
				76C6704415527541009697F9 /* Debug */,
				76C6704515527541009697F9 /* Release */,
			);
			defaultConfigurationIsVisible = 0;
			defaultConfigurationName = Release;
		};
/* End XCConfigurationList section */
	};
	rootObject = 76C6701C15527541009697F9 /* Project object */;
}
